
Microsoft Visual Studio Solution File, Format Version 12.00
# Visual Studio Version 16
VisualStudioVersion = 16.0.31424.327
MinimumVisualStudioVersion = 10.0.40219.1
Project("{8BC9CEB8-8B4A-11D0-8D11-00A0C91BC942}") = "Framework", "Framework\DirectX12.vcxproj", "{B8575145-2654-4C74-B0A4-37FD7F5C1899}"
EndProject
Project("{8BC9CEB8-8B4A-11D0-8D11-00A0C91BC942}") = "Instancing", "Instancing\Instancing.vcxproj", "{82620D25-E751-4A9D-B2D1-8E4BF687B106}"
EndProject
Project("{8BC9CEB8-8B4A-11D0-8D11-00A0C91BC942}") = "Picking", "Picking\Picking.vcxproj", "{E549A56E-E702-4549-A69A-359EBAB674D3}"
EndProject
Project("{8BC9CEB8-8B4A-11D0-8D11-00A0C91BC942}") = "Texture", "Texture\Texture.vcxproj", "{02B2CD97-5015-451F-8B22-5F365F51F8F1}"
EndProject
Global
	GlobalSection(SolutionConfigurationPlatforms) = preSolution
		Debug|x64 = Debug|x64
		Debug|x86 = Debug|x86
		Release|x64 = Release|x64
		Release|x86 = Release|x86
	EndGlobalSection
	GlobalSection(ProjectConfigurationPlatforms) = postSolution
		{B8575145-2654-4C74-B0A4-37FD7F5C1899}.Debug|x64.ActiveCfg = Debug|x64
		{B8575145-2654-4C74-B0A4-37FD7F5C1899}.Debug|x64.Build.0 = Debug|x64
		{B8575145-2654-4C74-B0A4-37FD7F5C1899}.Debug|x86.ActiveCfg = Debug|Win32
		{B8575145-2654-4C74-B0A4-37FD7F5C1899}.Debug|x86.Build.0 = Debug|Win32
		{B8575145-2654-4C74-B0A4-37FD7F5C1899}.Release|x64.ActiveCfg = Release|x64
		{B8575145-2654-4C74-B0A4-37FD7F5C1899}.Release|x64.Build.0 = Release|x64
		{B8575145-2654-4C74-B0A4-37FD7F5C1899}.Release|x86.ActiveCfg = Release|Win32
		{B8575145-2654-4C74-B0A4-37FD7F5C1899}.Release|x86.Build.0 = Release|Win32
		{82620D25-E751-4A9D-B2D1-8E4BF687B106}.Debug|x64.ActiveCfg = Debug|x64
		{82620D25-E751-4A9D-B2D1-8E4BF687B106}.Debug|x64.Build.0 = Debug|x64
		{82620D25-E751-4A9D-B2D1-8E4BF687B106}.Debug|x86.ActiveCfg = Debug|Win32
		{82620D25-E751-4A9D-B2D1-8E4BF687B106}.Debug|x86.Build.0 = Debug|Win32
		{82620D25-E751-4A9D-B2D1-8E4BF687B106}.Release|x64.ActiveCfg = Release|x64
		{82620D25-E751-4A9D-B2D1-8E4BF687B106}.Release|x64.Build.0 = Release|x64
		{82620D25-E751-4A9D-B2D1-8E4BF687B106}.Release|x86.ActiveCfg = Release|Win32
		{82620D25-E751-4A9D-B2D1-8E4BF687B106}.Release|x86.Build.0 = Release|Win32
		{E549A56E-E702-4549-A69A-359EBAB674D3}.Debug|x64.ActiveCfg = Debug|x64
		{E549A56E-E702-4549-A69A-359EBAB674D3}.Debug|x64.Build.0 = Debug|x64
		{E549A56E-E702-4549-A69A-359EBAB674D3}.Debug|x86.ActiveCfg = Debug|Win32
		{E549A56E-E702-4549-A69A-359EBAB674D3}.Debug|x86.Build.0 = Debug|Win32
		{E549A56E-E702-4549-A69A-359EBAB674D3}.Release|x64.ActiveCfg = Release|x64
		{E549A56E-E702-4549-A69A-359EBAB674D3}.Release|x64.Build.0 = Release|x64
		{E549A56E-E702-4549-A69A-359EBAB674D3}.Release|x86.ActiveCfg = Release|Win32
		{E549A56E-E702-4549-A69A-359EBAB674D3}.Release|x86.Build.0 = Release|Win32
		{02B2CD97-5015-451F-8B22-5F365F51F8F1}.Debug|x64.ActiveCfg = Debug|x64
		{02B2CD97-5015-451F-8B22-5F365F51F8F1}.Debug|x64.Build.0 = Debug|x64
		{02B2CD97-5015-451F-8B22-5F365F51F8F1}.Debug|x86.ActiveCfg = Debug|Win32
		{02B2CD97-5015-451F-8B22-5F365F51F8F1}.Debug|x86.Build.0 = Debug|Win32
		{02B2CD97-5015-451F-8B22-5F365F51F8F1}.Release|x64.ActiveCfg = Release|x64
		{02B2CD97-5015-451F-8B22-5F365F51F8F1}.Release|x64.Build.0 = Release|x64
		{02B2CD97-5015-451F-8B22-5F365F51F8F1}.Release|x86.ActiveCfg = Release|Win32
		{02B2CD97-5015-451F-8B22-5F365F51F8F1}.Release|x86.Build.0 = Release|Win32
	EndGlobalSection
	GlobalSection(SolutionProperties) = preSolution
		HideSolutionNode = FALSE
	EndGlobalSection
	GlobalSection(ExtensibilityGlobals) = postSolution
		SolutionGuid = {3B7318A7-275F-46CA-AE08-B34B8DC61D4C}
	EndGlobalSection
EndGlobal
